
Microsoft Visual Studio Solution File, Format Version 12.00
# Visual Studio 2012
Project("{FAE04EC0-301F-11D3-BF4B-00C04F79EFBC}") = "LeveledUp", "LeveledUp.csproj", "{AC54CC6B-72DE-4707-820C-70508FF59188}"
EndProject
Global
	GlobalSection(SolutionConfigurationPlatforms) = preSolution
		Debug|Any CPU = Debug|Any CPU
		Release|Any CPU = Release|Any CPU
	EndGlobalSection
	GlobalSection(ProjectConfigurationPlatforms) = postSolution
		{AC54CC6B-72DE-4707-820C-70508FF59188}.Debug|Any CPU.ActiveCfg = Debug|Any CPU
		{AC54CC6B-72DE-4707-820C-70508FF59188}.Debug|Any CPU.Build.0 = Debug|Any CPU
		{AC54CC6B-72DE-4707-820C-70508FF59188}.Release|Any CPU.ActiveCfg = Release|Any CPU
		{AC54CC6B-72DE-4707-820C-70508FF59188}.Release|Any CPU.Build.0 = Release|Any CPU
	EndGlobalSection
	GlobalSection(SolutionProperties) = preSolution
		HideSolutionNode = FALSE
	EndGlobalSection
EndGlobal
